<?xml version="1.0" encoding="UTF-8"?>
<Scheme
   LastUpgradeVersion = "1520"
   version = "1.7">
   <BuildAction
      parallelizeBuildables = "YES"
      buildImplicitDependencies = "YES">
      <BuildActionEntries>
         <BuildActionEntry
            buildForTesting = "YES"
            buildForRunning = "YES"
            buildForProfiling = "YES"
            buildForArchiving = "YES"
            buildForAnalyzing = "YES">
            <BuildableReference
               BuildableIdentifier = "primary"
               BlueprintIdentifier = "41DE19AB2AD3187300C4E2FF"
               BuildableName = "ImageFeed.app"
               BlueprintName = "ImageFeed"
               ReferencedContainer = "container:ImageFeed.xcodeproj">
            </BuildableReference>
         </BuildActionEntry>
      </BuildActionEntries>
   </BuildAction>
   <TestAction
      buildConfiguration = "Debug"
      selectedDebuggerIdentifier = "Xcode.DebuggerFoundation.Debugger.LLDB"
      selectedLauncherIdentifier = "Xcode.DebuggerFoundation.Launcher.LLDB"
      shouldUseLaunchSchemeArgsEnv = "YES"
      shouldAutocreateTestPlan = "YES">
      <PreActions>
         <ExecutionAction
            ActionType = "Xcode.IDEStandardExecutionActionsCore.ExecutionActionType.ShellScriptAction">
            <ActionContent
               title = "Run Script"
               scriptText = "# Type a script or drag a script file from your workspace to insert its path.&#10;# Kill Simulator so that on next test run, the Simulator launches afresh hence taking into account the&#10;general ConnectHardwareKeyboard value, which is outside the DevicePreferences dictionary killall Simulator&#10;# In ~/Library/Preferences/com.apple.iphonesimulator.plist, set the ConnectHardwareKeyboard property to NO&#10;defaults write com.apple iphonesimulator ConnectHardwareKeyboard -bool false&#10;&#10;# Although there is device specific ConnectHardwareKeyboard property, but as we killed our simulator above,&#10;# the soft keyboard will show because apparently it picks up the general ConnectHardwareKeyboard property unless&#10;# you type into a field inside simulator with hardware keyboard which then considers the device specific property.&#10;">
            </ActionContent>
         </ExecutionAction>
      </PreActions>
      <Testables>
         <TestableReference
            skipped = "NO"
            parallelizable = "YES">
            <BuildableReference
               BuildableIdentifier = "primary"
               BlueprintIdentifier = "4110A0B62B89285A00920777"
               BuildableName = "ImageFeedTests.xctest"
               BlueprintName = "ImageFeedTests"
               ReferencedContainer = "container:ImageFeed.xcodeproj">
            </BuildableReference>
         </TestableReference>
         <TestableReference
            skipped = "NO"
            parallelizable = "YES">
            <BuildableReference
               BuildableIdentifier = "primary"
               BlueprintIdentifier = "4198937B2B946990001B0A8D"
               BuildableName = "ImageFeedUITests.xctest"
               BlueprintName = "ImageFeedUITests"
               ReferencedContainer = "container:ImageFeed.xcodeproj">
            </BuildableReference>
         </TestableReference>
      </Testables>
   </TestAction>
   <LaunchAction
      buildConfiguration = "Debug"
      selectedDebuggerIdentifier = "Xcode.DebuggerFoundation.Debugger.LLDB"
      selectedLauncherIdentifier = "Xcode.DebuggerFoundation.Launcher.LLDB"
      launchStyle = "0"
      useCustomWorkingDirectory = "NO"
      ignoresPersistentStateOnLaunch = "NO"
      debugDocumentVersioning = "YES"
      debugServiceExtension = "internal"
      allowLocationSimulation = "YES">
      <BuildableProductRunnable
         runnableDebuggingMode = "0">
         <BuildableReference
            BuildableIdentifier = "primary"
            BlueprintIdentifier = "41DE19AB2AD3187300C4E2FF"
            BuildableName = "ImageFeed.app"
            BlueprintName = "ImageFeed"
            ReferencedContainer = "container:ImageFeed.xcodeproj">
         </BuildableReference>
      </BuildableProductRunnable>
   </LaunchAction>
   <ProfileAction
      buildConfiguration = "Release"
      shouldUseLaunchSchemeArgsEnv = "YES"
      savedToolIdentifier = ""
      useCustomWorkingDirectory = "NO"
      debugDocumentVersioning = "YES">
      <BuildableProductRunnable
         runnableDebuggingMode = "0">
         <BuildableReference
            BuildableIdentifier = "primary"
            BlueprintIdentifier = "41DE19AB2AD3187300C4E2FF"
            BuildableName = "ImageFeed.app"
            BlueprintName = "ImageFeed"
            ReferencedContainer = "container:ImageFeed.xcodeproj">
         </BuildableReference>
      </BuildableProductRunnable>
   </ProfileAction>
   <AnalyzeAction
      buildConfiguration = "Debug">
   </AnalyzeAction>
   <ArchiveAction
      buildConfiguration = "Release"
      revealArchiveInOrganizer = "YES">
   </ArchiveAction>
</Scheme>
