// !$*UTF8*$!
{
	archiveVersion = 1;
	classes = {
	};
	objectVersion = 56;
	objects = {

/* Begin PBXBuildFile section */
		4110A0BA2B89285A00920777 /* WebViewTests.swift in Sources */ = {isa = PBXBuildFile; fileRef = 4110A0B92B89285A00920777 /* WebViewTests.swift */; };
		4110A0C12B89294D00920777 /* WebViewPresenterSpy.swift in Sources */ = {isa = PBXBuildFile; fileRef = 4110A0C02B89294D00920777 /* WebViewPresenterSpy.swift */; };
		4110A0C32B892E9F00920777 /* WebViewControllerSpy.swift in Sources */ = {isa = PBXBuildFile; fileRef = 4110A0C22B892E9F00920777 /* WebViewControllerSpy.swift */; };
		41519F802B67CC3500487EEA /* SwiftKeychainWrapper in Frameworks */ = {isa = PBXBuildFile; productRef = 41519F7F2B67CC3500487EEA /* SwiftKeychainWrapper */; };
		41519F822B67D1DF00487EEA /* TabBarController.swift in Sources */ = {isa = PBXBuildFile; fileRef = 41519F812B67D1DF00487EEA /* TabBarController.swift */; };
		4152F93C2B74E4AC0016190E /* GradientAnimationHelper.swift in Sources */ = {isa = PBXBuildFile; fileRef = 4152F93B2B74E4AC0016190E /* GradientAnimationHelper.swift */; };
		4152F9412B7547F80016190E /* FeedCellImageStateEnum.swift in Sources */ = {isa = PBXBuildFile; fileRef = 4152F9402B7547F80016190E /* FeedCellImageStateEnum.swift */; };
		415B0A8B2AE5737600F2B2C7 /* ProfileViewController.swift in Sources */ = {isa = PBXBuildFile; fileRef = 415B0A8A2AE5737600F2B2C7 /* ProfileViewController.swift */; };
		4162802C2B86711A00633097 /* AuthHelper.swift in Sources */ = {isa = PBXBuildFile; fileRef = 4162802B2B86711A00633097 /* AuthHelper.swift */; };
		4165C8ED2B151D4900396EAD /* SingleImageViewController.swift in Sources */ = {isa = PBXBuildFile; fileRef = 4165C8EC2B151D4900396EAD /* SingleImageViewController.swift */; };
		416E23572ADFBF8D00108466 /* ImagesListCell.xib in Resources */ = {isa = PBXBuildFile; fileRef = 416E23562ADFBF8D00108466 /* ImagesListCell.xib */; };
		417EDBC92B6D120D00C43D96 /* ImagesListService.swift in Sources */ = {isa = PBXBuildFile; fileRef = 417EDBC82B6D120D00C43D96 /* ImagesListService.swift */; };
		417EDBCB2B6D129C00C43D96 /* Photo.swift in Sources */ = {isa = PBXBuildFile; fileRef = 417EDBCA2B6D129C00C43D96 /* Photo.swift */; };
		417EDBCD2B6D147A00C43D96 /* UrlsResult.swift in Sources */ = {isa = PBXBuildFile; fileRef = 417EDBCC2B6D147A00C43D96 /* UrlsResult.swift */; };
		417EDBCF2B6D14A400C43D96 /* PhotoResult.swift in Sources */ = {isa = PBXBuildFile; fileRef = 417EDBCE2B6D14A400C43D96 /* PhotoResult.swift */; };
		418418EB2B60564800BB1348 /* ProgressHUD in Frameworks */ = {isa = PBXBuildFile; productRef = 418418EA2B60564800BB1348 /* ProgressHUD */; };
		418418ED2B6183DD00BB1348 /* UIBlockingProgressHUD.swift in Sources */ = {isa = PBXBuildFile; fileRef = 418418EC2B6183DD00BB1348 /* UIBlockingProgressHUD.swift */; };
		418418F02B61869900BB1348 /* ProfileService.swift in Sources */ = {isa = PBXBuildFile; fileRef = 418418EF2B61869900BB1348 /* ProfileService.swift */; };
		418418F42B61873000BB1348 /* ProfileResult.swift in Sources */ = {isa = PBXBuildFile; fileRef = 418418F32B61873000BB1348 /* ProfileResult.swift */; };
		418418F62B6187AF00BB1348 /* Profile.swift in Sources */ = {isa = PBXBuildFile; fileRef = 418418F52B6187AF00BB1348 /* Profile.swift */; };
		418418F82B64CC1B00BB1348 /* ProfileImageService.swift in Sources */ = {isa = PBXBuildFile; fileRef = 418418F72B64CC1B00BB1348 /* ProfileImageService.swift */; };
		418418FA2B64CC4600BB1348 /* UserResult.swift in Sources */ = {isa = PBXBuildFile; fileRef = 418418F92B64CC4600BB1348 /* UserResult.swift */; };
		418418FC2B667A1B00BB1348 /* NetworkClient.swift in Sources */ = {isa = PBXBuildFile; fileRef = 418418FB2B667A1B00BB1348 /* NetworkClient.swift */; };
		41999D162B55A67A00A82FD3 /* OAuthTokenResponseBody.swift in Sources */ = {isa = PBXBuildFile; fileRef = 41999D152B55A67A00A82FD3 /* OAuthTokenResponseBody.swift */; };
		41999D182B55AA3B00A82FD3 /* OAuth2Service.swift in Sources */ = {isa = PBXBuildFile; fileRef = 41999D172B55AA3B00A82FD3 /* OAuth2Service.swift */; };
		41A6A3042B66C43300E6944D /* Kingfisher in Frameworks */ = {isa = PBXBuildFile; productRef = 41A6A3032B66C43300E6944D /* Kingfisher */; };
		41BC82572B5865A400148BA0 /* OAuth2TokenStorage.swift in Sources */ = {isa = PBXBuildFile; fileRef = 41BC82562B5865A400148BA0 /* OAuth2TokenStorage.swift */; };
		41BC825A2B5C1B2E00148BA0 /* SplashViewController.swift in Sources */ = {isa = PBXBuildFile; fileRef = 41BC82592B5C1B2E00148BA0 /* SplashViewController.swift */; };
		41BE1A492B8D09BB00FC9CE1 /* ProfileViewPresenter.swift in Sources */ = {isa = PBXBuildFile; fileRef = 41BE1A482B8D09BB00FC9CE1 /* ProfileViewPresenter.swift */; };
		41BE1A4B2B8D09DB00FC9CE1 /* ProfileHelper.swift in Sources */ = {isa = PBXBuildFile; fileRef = 41BE1A4A2B8D09DB00FC9CE1 /* ProfileHelper.swift */; };
		41BE1A532B8D185A00FC9CE1 /* ProfileViewTests.swift in Sources */ = {isa = PBXBuildFile; fileRef = 41BE1A522B8D185A00FC9CE1 /* ProfileViewTests.swift */; };
		41BE1A552B8D19B800FC9CE1 /* ProfileViewControllerSpy.swift in Sources */ = {isa = PBXBuildFile; fileRef = 41BE1A542B8D19B800FC9CE1 /* ProfileViewControllerSpy.swift */; };
		41BE1A572B8D1D0D00FC9CE1 /* ProfileViewPresenterSpy.swift in Sources */ = {isa = PBXBuildFile; fileRef = 41BE1A562B8D1D0D00FC9CE1 /* ProfileViewPresenterSpy.swift */; };
		41C4C6AF2B82416500CCDECF /* WebViewPresenter.swift in Sources */ = {isa = PBXBuildFile; fileRef = 41C4C6AE2B82416500CCDECF /* WebViewPresenter.swift */; };
		41C5F38F2B51CA0C009ACAC0 /* AuthConfiguration.swift in Sources */ = {isa = PBXBuildFile; fileRef = 41C5F38E2B51CA0C009ACAC0 /* AuthConfiguration.swift */; };
		41C5F3922B52C28C009ACAC0 /* AuthViewController.swift in Sources */ = {isa = PBXBuildFile; fileRef = 41C5F3912B52C28C009ACAC0 /* AuthViewController.swift */; };
		41C5F3942B52CFE3009ACAC0 /* WebViewController.swift in Sources */ = {isa = PBXBuildFile; fileRef = 41C5F3932B52CFE3009ACAC0 /* WebViewController.swift */; };
		41DE19B02AD3187300C4E2FF /* AppDelegate.swift in Sources */ = {isa = PBXBuildFile; fileRef = 41DE19AF2AD3187300C4E2FF /* AppDelegate.swift */; };
		41DE19B22AD3187300C4E2FF /* SceneDelegate.swift in Sources */ = {isa = PBXBuildFile; fileRef = 41DE19B12AD3187300C4E2FF /* SceneDelegate.swift */; };
		41DE19B42AD3187300C4E2FF /* ImagesListViewController.swift in Sources */ = {isa = PBXBuildFile; fileRef = 41DE19B32AD3187300C4E2FF /* ImagesListViewController.swift */; };
		41DE19B72AD3187300C4E2FF /* Main.storyboard in Resources */ = {isa = PBXBuildFile; fileRef = 41DE19B52AD3187300C4E2FF /* Main.storyboard */; };
		41DE19B92AD3187400C4E2FF /* Assets.xcassets in Resources */ = {isa = PBXBuildFile; fileRef = 41DE19B82AD3187400C4E2FF /* Assets.xcassets */; };
		41DE19BC2AD3187400C4E2FF /* LaunchScreen.storyboard in Resources */ = {isa = PBXBuildFile; fileRef = 41DE19BA2AD3187400C4E2FF /* LaunchScreen.storyboard */; };
		41DE19E42AD7077C00C4E2FF /* ImagesListCell.swift in Sources */ = {isa = PBXBuildFile; fileRef = 41DE19E32AD7077C00C4E2FF /* ImagesListCell.swift */; };
/* End PBXBuildFile section */

/* Begin PBXContainerItemProxy section */
		4110A0BB2B89285A00920777 /* PBXContainerItemProxy */ = {
			isa = PBXContainerItemProxy;
			containerPortal = 41DE19A42AD3187300C4E2FF /* Project object */;
			proxyType = 1;
			remoteGlobalIDString = 41DE19AB2AD3187300C4E2FF;
			remoteInfo = ImageFeed;
		};
/* End PBXContainerItemProxy section */

/* Begin PBXFileReference section */
		4110A0B72B89285A00920777 /* ImageFeedTests.xctest */ = {isa = PBXFileReference; explicitFileType = wrapper.cfbundle; includeInIndex = 0; path = ImageFeedTests.xctest; sourceTree = BUILT_PRODUCTS_DIR; };
		4110A0B92B89285A00920777 /* WebViewTests.swift */ = {isa = PBXFileReference; lastKnownFileType = sourcecode.swift; path = WebViewTests.swift; sourceTree = "<group>"; };
		4110A0C02B89294D00920777 /* WebViewPresenterSpy.swift */ = {isa = PBXFileReference; lastKnownFileType = sourcecode.swift; path = WebViewPresenterSpy.swift; sourceTree = "<group>"; };
		4110A0C22B892E9F00920777 /* WebViewControllerSpy.swift */ = {isa = PBXFileReference; lastKnownFileType = sourcecode.swift; path = WebViewControllerSpy.swift; sourceTree = "<group>"; };
		41519F812B67D1DF00487EEA /* TabBarController.swift */ = {isa = PBXFileReference; lastKnownFileType = sourcecode.swift; path = TabBarController.swift; sourceTree = "<group>"; };
		4152F93B2B74E4AC0016190E /* GradientAnimationHelper.swift */ = {isa = PBXFileReference; lastKnownFileType = sourcecode.swift; path = GradientAnimationHelper.swift; sourceTree = "<group>"; };
		4152F9402B7547F80016190E /* FeedCellImageStateEnum.swift */ = {isa = PBXFileReference; lastKnownFileType = sourcecode.swift; path = FeedCellImageStateEnum.swift; sourceTree = "<group>"; };
		415B0A8A2AE5737600F2B2C7 /* ProfileViewController.swift */ = {isa = PBXFileReference; lastKnownFileType = sourcecode.swift; path = ProfileViewController.swift; sourceTree = "<group>"; };
		4162802B2B86711A00633097 /* AuthHelper.swift */ = {isa = PBXFileReference; lastKnownFileType = sourcecode.swift; path = AuthHelper.swift; sourceTree = "<group>"; };
		4165C8EC2B151D4900396EAD /* SingleImageViewController.swift */ = {isa = PBXFileReference; lastKnownFileType = sourcecode.swift; path = SingleImageViewController.swift; sourceTree = "<group>"; };
		416E23562ADFBF8D00108466 /* ImagesListCell.xib */ = {isa = PBXFileReference; lastKnownFileType = file.xib; path = ImagesListCell.xib; sourceTree = "<group>"; };
		417EDBC82B6D120D00C43D96 /* ImagesListService.swift */ = {isa = PBXFileReference; lastKnownFileType = sourcecode.swift; path = ImagesListService.swift; sourceTree = "<group>"; };
		417EDBCA2B6D129C00C43D96 /* Photo.swift */ = {isa = PBXFileReference; lastKnownFileType = sourcecode.swift; path = Photo.swift; sourceTree = "<group>"; };
		417EDBCC2B6D147A00C43D96 /* UrlsResult.swift */ = {isa = PBXFileReference; lastKnownFileType = sourcecode.swift; path = UrlsResult.swift; sourceTree = "<group>"; };
		417EDBCE2B6D14A400C43D96 /* PhotoResult.swift */ = {isa = PBXFileReference; lastKnownFileType = sourcecode.swift; path = PhotoResult.swift; sourceTree = "<group>"; };
		418418EC2B6183DD00BB1348 /* UIBlockingProgressHUD.swift */ = {isa = PBXFileReference; lastKnownFileType = sourcecode.swift; path = UIBlockingProgressHUD.swift; sourceTree = "<group>"; };
		418418EF2B61869900BB1348 /* ProfileService.swift */ = {isa = PBXFileReference; lastKnownFileType = sourcecode.swift; path = ProfileService.swift; sourceTree = "<group>"; };
		418418F32B61873000BB1348 /* ProfileResult.swift */ = {isa = PBXFileReference; lastKnownFileType = sourcecode.swift; path = ProfileResult.swift; sourceTree = "<group>"; };
		418418F52B6187AF00BB1348 /* Profile.swift */ = {isa = PBXFileReference; lastKnownFileType = sourcecode.swift; path = Profile.swift; sourceTree = "<group>"; };
		418418F72B64CC1B00BB1348 /* ProfileImageService.swift */ = {isa = PBXFileReference; lastKnownFileType = sourcecode.swift; path = ProfileImageService.swift; sourceTree = "<group>"; };
		418418F92B64CC4600BB1348 /* UserResult.swift */ = {isa = PBXFileReference; lastKnownFileType = sourcecode.swift; path = UserResult.swift; sourceTree = "<group>"; };
		418418FB2B667A1B00BB1348 /* NetworkClient.swift */ = {isa = PBXFileReference; lastKnownFileType = sourcecode.swift; path = NetworkClient.swift; sourceTree = "<group>"; };
		41999D152B55A67A00A82FD3 /* OAuthTokenResponseBody.swift */ = {isa = PBXFileReference; lastKnownFileType = sourcecode.swift; path = OAuthTokenResponseBody.swift; sourceTree = "<group>"; };
		41999D172B55AA3B00A82FD3 /* OAuth2Service.swift */ = {isa = PBXFileReference; lastKnownFileType = sourcecode.swift; path = OAuth2Service.swift; sourceTree = "<group>"; };
		41BC82562B5865A400148BA0 /* OAuth2TokenStorage.swift */ = {isa = PBXFileReference; lastKnownFileType = sourcecode.swift; path = OAuth2TokenStorage.swift; sourceTree = "<group>"; };
		41BC82592B5C1B2E00148BA0 /* SplashViewController.swift */ = {isa = PBXFileReference; lastKnownFileType = sourcecode.swift; path = SplashViewController.swift; sourceTree = "<group>"; };
		41BE1A482B8D09BB00FC9CE1 /* ProfileViewPresenter.swift */ = {isa = PBXFileReference; lastKnownFileType = sourcecode.swift; path = ProfileViewPresenter.swift; sourceTree = "<group>"; };
		41BE1A4A2B8D09DB00FC9CE1 /* ProfileHelper.swift */ = {isa = PBXFileReference; lastKnownFileType = sourcecode.swift; path = ProfileHelper.swift; sourceTree = "<group>"; };
		41BE1A522B8D185A00FC9CE1 /* ProfileViewTests.swift */ = {isa = PBXFileReference; lastKnownFileType = sourcecode.swift; path = ProfileViewTests.swift; sourceTree = "<group>"; };
		41BE1A542B8D19B800FC9CE1 /* ProfileViewControllerSpy.swift */ = {isa = PBXFileReference; lastKnownFileType = sourcecode.swift; path = ProfileViewControllerSpy.swift; sourceTree = "<group>"; };
		41BE1A562B8D1D0D00FC9CE1 /* ProfileViewPresenterSpy.swift */ = {isa = PBXFileReference; lastKnownFileType = sourcecode.swift; path = ProfileViewPresenterSpy.swift; sourceTree = "<group>"; };
		41C4C6AE2B82416500CCDECF /* WebViewPresenter.swift */ = {isa = PBXFileReference; lastKnownFileType = sourcecode.swift; path = WebViewPresenter.swift; sourceTree = "<group>"; };
		41C5F38E2B51CA0C009ACAC0 /* AuthConfiguration.swift */ = {isa = PBXFileReference; lastKnownFileType = sourcecode.swift; path = AuthConfiguration.swift; sourceTree = "<group>"; };
		41C5F3912B52C28C009ACAC0 /* AuthViewController.swift */ = {isa = PBXFileReference; lastKnownFileType = sourcecode.swift; path = AuthViewController.swift; sourceTree = "<group>"; };
		41C5F3932B52CFE3009ACAC0 /* WebViewController.swift */ = {isa = PBXFileReference; lastKnownFileType = sourcecode.swift; path = WebViewController.swift; sourceTree = "<group>"; };
		41DE19AC2AD3187300C4E2FF /* ImageFeed.app */ = {isa = PBXFileReference; explicitFileType = wrapper.application; includeInIndex = 0; path = ImageFeed.app; sourceTree = BUILT_PRODUCTS_DIR; };
		41DE19AF2AD3187300C4E2FF /* AppDelegate.swift */ = {isa = PBXFileReference; lastKnownFileType = sourcecode.swift; path = AppDelegate.swift; sourceTree = "<group>"; };
		41DE19B12AD3187300C4E2FF /* SceneDelegate.swift */ = {isa = PBXFileReference; lastKnownFileType = sourcecode.swift; path = SceneDelegate.swift; sourceTree = "<group>"; };
		41DE19B32AD3187300C4E2FF /* ImagesListViewController.swift */ = {isa = PBXFileReference; lastKnownFileType = sourcecode.swift; path = ImagesListViewController.swift; sourceTree = "<group>"; };
		41DE19B62AD3187300C4E2FF /* Base */ = {isa = PBXFileReference; lastKnownFileType = file.storyboard; name = Base; path = Base.lproj/Main.storyboard; sourceTree = "<group>"; };
		41DE19B82AD3187400C4E2FF /* Assets.xcassets */ = {isa = PBXFileReference; lastKnownFileType = folder.assetcatalog; path = Assets.xcassets; sourceTree = "<group>"; };
		41DE19BB2AD3187400C4E2FF /* Base */ = {isa = PBXFileReference; lastKnownFileType = file.storyboard; name = Base; path = Base.lproj/LaunchScreen.storyboard; sourceTree = "<group>"; };
		41DE19BD2AD3187400C4E2FF /* Info.plist */ = {isa = PBXFileReference; lastKnownFileType = text.plist.xml; path = Info.plist; sourceTree = "<group>"; };
		41DE19E32AD7077C00C4E2FF /* ImagesListCell.swift */ = {isa = PBXFileReference; lastKnownFileType = sourcecode.swift; path = ImagesListCell.swift; sourceTree = "<group>"; };
/* End PBXFileReference section */

/* Begin PBXFrameworksBuildPhase section */
		4110A0B42B89285A00920777 /* Frameworks */ = {
			isa = PBXFrameworksBuildPhase;
			buildActionMask = 2147483647;
			files = (
			);
			runOnlyForDeploymentPostprocessing = 0;
		};
		41DE19A92AD3187300C4E2FF /* Frameworks */ = {
			isa = PBXFrameworksBuildPhase;
			buildActionMask = 2147483647;
			files = (
				41A6A3042B66C43300E6944D /* Kingfisher in Frameworks */,
				418418EB2B60564800BB1348 /* ProgressHUD in Frameworks */,
				41519F802B67CC3500487EEA /* SwiftKeychainWrapper in Frameworks */,
			);
			runOnlyForDeploymentPostprocessing = 0;
		};
/* End PBXFrameworksBuildPhase section */

/* Begin PBXGroup section */
		4110A0B82B89285A00920777 /* ImageFeedTests */ = {
			isa = PBXGroup;
			children = (
				41BE1A512B8D184800FC9CE1 /* Profile */,
				41BE1A502B8D183C00FC9CE1 /* Web */,
			);
			path = ImageFeedTests;
			sourceTree = "<group>";
		};
		4152F93A2B74E4870016190E /* UIHelpers */ = {
			isa = PBXGroup;
			children = (
				4152F93B2B74E4AC0016190E /* GradientAnimationHelper.swift */,
			);
			path = UIHelpers;
			sourceTree = "<group>";
		};
		4152F93F2B74E5A60016190E /* Controllers */ = {
			isa = PBXGroup;
			children = (
				41BC82582B5C1B2000148BA0 /* Splash */,
				41DE19E52AD7079400C4E2FF /* Image */,
				415B0A892AE5734C00F2B2C7 /* Profile */,
				41C5F3902B52C273009ACAC0 /* Auth */,
			);
			path = Controllers;
			sourceTree = "<group>";
		};
		415B0A892AE5734C00F2B2C7 /* Profile */ = {
			isa = PBXGroup;
			children = (
				415B0A8A2AE5737600F2B2C7 /* ProfileViewController.swift */,
			);
			path = Profile;
			sourceTree = "<group>";
		};
		4162802A2B86710400633097 /* Helpers */ = {
			isa = PBXGroup;
			children = (
				4162802B2B86711A00633097 /* AuthHelper.swift */,
				41BE1A4A2B8D09DB00FC9CE1 /* ProfileHelper.swift */,
			);
			path = Helpers;
			sourceTree = "<group>";
		};
		417EDBC72B6D120000C43D96 /* Image */ = {
			isa = PBXGroup;
			children = (
				417EDBC82B6D120D00C43D96 /* ImagesListService.swift */,
			);
			path = Image;
			sourceTree = "<group>";
		};
		418418EE2B61868800BB1348 /* Profile */ = {
			isa = PBXGroup;
			children = (
				418418EF2B61869900BB1348 /* ProfileService.swift */,
				418418F72B64CC1B00BB1348 /* ProfileImageService.swift */,
			);
			path = Profile;
			sourceTree = "<group>";
		};
		418418F12B61869E00BB1348 /* Auth */ = {
			isa = PBXGroup;
			children = (
				41999D172B55AA3B00A82FD3 /* OAuth2Service.swift */,
				41BC82562B5865A400148BA0 /* OAuth2TokenStorage.swift */,
			);
			path = Auth;
			sourceTree = "<group>";
		};
		41999D112B55A56A00A82FD3 /* Services */ = {
			isa = PBXGroup;
			children = (
				417EDBC72B6D120000C43D96 /* Image */,
				418418F12B61869E00BB1348 /* Auth */,
				418418EE2B61868800BB1348 /* Profile */,
				418418EC2B6183DD00BB1348 /* UIBlockingProgressHUD.swift */,
				418418FB2B667A1B00BB1348 /* NetworkClient.swift */,
			);
			path = Services;
			sourceTree = "<group>";
		};
		41999D142B55A65500A82FD3 /* Models */ = {
			isa = PBXGroup;
			children = (
				41999D152B55A67A00A82FD3 /* OAuthTokenResponseBody.swift */,
				418418F32B61873000BB1348 /* ProfileResult.swift */,
				418418F52B6187AF00BB1348 /* Profile.swift */,
				418418F92B64CC4600BB1348 /* UserResult.swift */,
				417EDBCA2B6D129C00C43D96 /* Photo.swift */,
				417EDBCC2B6D147A00C43D96 /* UrlsResult.swift */,
				417EDBCE2B6D14A400C43D96 /* PhotoResult.swift */,
				4152F9402B7547F80016190E /* FeedCellImageStateEnum.swift */,
			);
			path = Models;
			sourceTree = "<group>";
		};
		41BC82582B5C1B2000148BA0 /* Splash */ = {
			isa = PBXGroup;
			children = (
				41519F812B67D1DF00487EEA /* TabBarController.swift */,
				41BC82592B5C1B2E00148BA0 /* SplashViewController.swift */,
			);
			path = Splash;
			sourceTree = "<group>";
		};
		41BE1A472B8D099E00FC9CE1 /* Profile */ = {
			isa = PBXGroup;
			children = (
				41BE1A482B8D09BB00FC9CE1 /* ProfileViewPresenter.swift */,
			);
			path = Profile;
			sourceTree = "<group>";
		};
		41BE1A502B8D183C00FC9CE1 /* Web */ = {
			isa = PBXGroup;
			children = (
				4110A0B92B89285A00920777 /* WebViewTests.swift */,
				4110A0C02B89294D00920777 /* WebViewPresenterSpy.swift */,
				4110A0C22B892E9F00920777 /* WebViewControllerSpy.swift */,
			);
			path = Web;
			sourceTree = "<group>";
		};
		41BE1A512B8D184800FC9CE1 /* Profile */ = {
			isa = PBXGroup;
			children = (
				41BE1A522B8D185A00FC9CE1 /* ProfileViewTests.swift */,
				41BE1A542B8D19B800FC9CE1 /* ProfileViewControllerSpy.swift */,
				41BE1A562B8D1D0D00FC9CE1 /* ProfileViewPresenterSpy.swift */,
			);
			path = Profile;
			sourceTree = "<group>";
		};
		41C4C6AC2B82414500CCDECF /* Presenters */ = {
			isa = PBXGroup;
			children = (
				41BE1A472B8D099E00FC9CE1 /* Profile */,
				41C4C6AD2B82415100CCDECF /* Auth */,
			);
			path = Presenters;
			sourceTree = "<group>";
		};
		41C4C6AD2B82415100CCDECF /* Auth */ = {
			isa = PBXGroup;
			children = (
				41C4C6AE2B82416500CCDECF /* WebViewPresenter.swift */,
			);
			path = Auth;
			sourceTree = "<group>";
		};
		41C5F3902B52C273009ACAC0 /* Auth */ = {
			isa = PBXGroup;
			children = (
				41C5F3912B52C28C009ACAC0 /* AuthViewController.swift */,
				41C5F3932B52CFE3009ACAC0 /* WebViewController.swift */,
			);
			path = Auth;
			sourceTree = "<group>";
		};
		41DE19A32AD3187300C4E2FF = {
			isa = PBXGroup;
			children = (
				41DE19AE2AD3187300C4E2FF /* ImageFeed */,
				4110A0B82B89285A00920777 /* ImageFeedTests */,
				41DE19AD2AD3187300C4E2FF /* Products */,
			);
			sourceTree = "<group>";
		};
		41DE19AD2AD3187300C4E2FF /* Products */ = {
			isa = PBXGroup;
			children = (
				41DE19AC2AD3187300C4E2FF /* ImageFeed.app */,
				4110A0B72B89285A00920777 /* ImageFeedTests.xctest */,
			);
			name = Products;
			sourceTree = "<group>";
		};
		41DE19AE2AD3187300C4E2FF /* ImageFeed */ = {
			isa = PBXGroup;
			children = (
				4162802A2B86710400633097 /* Helpers */,
				41C4C6AC2B82414500CCDECF /* Presenters */,
				4152F93F2B74E5A60016190E /* Controllers */,
				4152F93A2B74E4870016190E /* UIHelpers */,
				41999D142B55A65500A82FD3 /* Models */,
				41999D112B55A56A00A82FD3 /* Services */,
				41DE19BD2AD3187400C4E2FF /* Info.plist */,
				41DE19AF2AD3187300C4E2FF /* AppDelegate.swift */,
				41C5F38E2B51CA0C009ACAC0 /* AuthConfiguration.swift */,
				41DE19B12AD3187300C4E2FF /* SceneDelegate.swift */,
				41DE19B82AD3187400C4E2FF /* Assets.xcassets */,
				41DE19BA2AD3187400C4E2FF /* LaunchScreen.storyboard */,
				41DE19B52AD3187300C4E2FF /* Main.storyboard */,
			);
			path = ImageFeed;
			sourceTree = "<group>";
		};
		41DE19E52AD7079400C4E2FF /* Image */ = {
			isa = PBXGroup;
			children = (
				41DE19B32AD3187300C4E2FF /* ImagesListViewController.swift */,
				41DE19E32AD7077C00C4E2FF /* ImagesListCell.swift */,
				416E23562ADFBF8D00108466 /* ImagesListCell.xib */,
				4165C8EC2B151D4900396EAD /* SingleImageViewController.swift */,
			);
			path = Image;
			sourceTree = "<group>";
		};
/* End PBXGroup section */

/* Begin PBXNativeTarget section */
		4110A0B62B89285A00920777 /* ImageFeedTests */ = {
			isa = PBXNativeTarget;
			buildConfigurationList = 4110A0BF2B89285A00920777 /* Build configuration list for PBXNativeTarget "ImageFeedTests" */;
			buildPhases = (
				4110A0B32B89285A00920777 /* Sources */,
				4110A0B42B89285A00920777 /* Frameworks */,
				4110A0B52B89285A00920777 /* Resources */,
			);
			buildRules = (
			);
			dependencies = (
				4110A0BC2B89285A00920777 /* PBXTargetDependency */,
			);
			name = ImageFeedTests;
			productName = ImageFeedTests;
			productReference = 4110A0B72B89285A00920777 /* ImageFeedTests.xctest */;
			productType = "com.apple.product-type.bundle.unit-test";
		};
		41DE19AB2AD3187300C4E2FF /* ImageFeed */ = {
			isa = PBXNativeTarget;
			buildConfigurationList = 41DE19C02AD3187400C4E2FF /* Build configuration list for PBXNativeTarget "ImageFeed" */;
			buildPhases = (
				41DE19A82AD3187300C4E2FF /* Sources */,
				41DE19A92AD3187300C4E2FF /* Frameworks */,
				41DE19AA2AD3187300C4E2FF /* Resources */,
				415D8AF12B5DAB560043803C /* ShellScript */,
			);
			buildRules = (
			);
			dependencies = (
			);
			name = ImageFeed;
			packageProductDependencies = (
				418418EA2B60564800BB1348 /* ProgressHUD */,
				41A6A3032B66C43300E6944D /* Kingfisher */,
				41519F7F2B67CC3500487EEA /* SwiftKeychainWrapper */,
			);
			productName = ImageFeed;
			productReference = 41DE19AC2AD3187300C4E2FF /* ImageFeed.app */;
			productType = "com.apple.product-type.application";
		};
/* End PBXNativeTarget section */

/* Begin PBXProject section */
		41DE19A42AD3187300C4E2FF /* Project object */ = {
			isa = PBXProject;
			attributes = {
				BuildIndependentTargetsInParallel = 1;
				LastSwiftUpdateCheck = 1520;
				LastUpgradeCheck = 1500;
				TargetAttributes = {
					4110A0B62B89285A00920777 = {
						CreatedOnToolsVersion = 15.2;
						TestTargetID = 41DE19AB2AD3187300C4E2FF;
					};
					41DE19AB2AD3187300C4E2FF = {
						CreatedOnToolsVersion = 15.0;
					};
				};
			};
			buildConfigurationList = 41DE19A72AD3187300C4E2FF /* Build configuration list for PBXProject "ImageFeed" */;
			compatibilityVersion = "Xcode 14.0";
			developmentRegion = en;
			hasScannedForEncodings = 0;
			knownRegions = (
				en,
				Base,
			);
			mainGroup = 41DE19A32AD3187300C4E2FF;
			packageReferences = (
				418418E92B60564800BB1348 /* XCRemoteSwiftPackageReference "ProgressHUD" */,
				41A6A3022B66C43300E6944D /* XCRemoteSwiftPackageReference "Kingfisher" */,
				41519F7E2B67CC3500487EEA /* XCRemoteSwiftPackageReference "SwiftKeychainWrapper" */,
			);
			productRefGroup = 41DE19AD2AD3187300C4E2FF /* Products */;
			projectDirPath = "";
			projectRoot = "";
			targets = (
				41DE19AB2AD3187300C4E2FF /* ImageFeed */,
				4110A0B62B89285A00920777 /* ImageFeedTests */,
			);
		};
/* End PBXProject section */

/* Begin PBXResourcesBuildPhase section */
		4110A0B52B89285A00920777 /* Resources */ = {
			isa = PBXResourcesBuildPhase;
			buildActionMask = 2147483647;
			files = (
			);
			runOnlyForDeploymentPostprocessing = 0;
		};
		41DE19AA2AD3187300C4E2FF /* Resources */ = {
			isa = PBXResourcesBuildPhase;
			buildActionMask = 2147483647;
			files = (
				41DE19BC2AD3187400C4E2FF /* LaunchScreen.storyboard in Resources */,
				416E23572ADFBF8D00108466 /* ImagesListCell.xib in Resources */,
				41DE19B92AD3187400C4E2FF /* Assets.xcassets in Resources */,
				41DE19B72AD3187300C4E2FF /* Main.storyboard in Resources */,
			);
			runOnlyForDeploymentPostprocessing = 0;
		};
/* End PBXResourcesBuildPhase section */

/* Begin PBXShellScriptBuildPhase section */
		415D8AF12B5DAB560043803C /* ShellScript */ = {
			isa = PBXShellScriptBuildPhase;
			alwaysOutOfDate = 1;
			buildActionMask = 2147483647;
			files = (
			);
			inputFileListPaths = (
			);
			inputPaths = (
			);
			outputFileListPaths = (
			);
			outputPaths = (
			);
			runOnlyForDeploymentPostprocessing = 0;
			shellPath = /bin/sh;
			shellScript = "export PATH=\"/opt/homebrew/bin:$PATH\"\n\nif which swiftlint > /dev/null; then\n  swiftlint\nelse\n  echo \"warning: SwiftLint not installed, download from https://github.com/realm/SwiftLint\"\nfi\n";
		};
/* End PBXShellScriptBuildPhase section */

/* Begin PBXSourcesBuildPhase section */
		4110A0B32B89285A00920777 /* Sources */ = {
			isa = PBXSourcesBuildPhase;
			buildActionMask = 2147483647;
			files = (
				41BE1A532B8D185A00FC9CE1 /* ProfileViewTests.swift in Sources */,
				4110A0BA2B89285A00920777 /* WebViewTests.swift in Sources */,
				41BE1A572B8D1D0D00FC9CE1 /* ProfileViewPresenterSpy.swift in Sources */,
				4110A0C32B892E9F00920777 /* WebViewControllerSpy.swift in Sources */,
				4110A0C12B89294D00920777 /* WebViewPresenterSpy.swift in Sources */,
				41BE1A552B8D19B800FC9CE1 /* ProfileViewControllerSpy.swift in Sources */,
			);
			runOnlyForDeploymentPostprocessing = 0;
		};
		41DE19A82AD3187300C4E2FF /* Sources */ = {
			isa = PBXSourcesBuildPhase;
			buildActionMask = 2147483647;
			files = (
				417EDBCD2B6D147A00C43D96 /* UrlsResult.swift in Sources */,
				41BE1A492B8D09BB00FC9CE1 /* ProfileViewPresenter.swift in Sources */,
				418418F62B6187AF00BB1348 /* Profile.swift in Sources */,
				41DE19B42AD3187300C4E2FF /* ImagesListViewController.swift in Sources */,
				41999D182B55AA3B00A82FD3 /* OAuth2Service.swift in Sources */,
				41DE19E42AD7077C00C4E2FF /* ImagesListCell.swift in Sources */,
				415B0A8B2AE5737600F2B2C7 /* ProfileViewController.swift in Sources */,
				4152F9412B7547F80016190E /* FeedCellImageStateEnum.swift in Sources */,
				41BC825A2B5C1B2E00148BA0 /* SplashViewController.swift in Sources */,
				41999D162B55A67A00A82FD3 /* OAuthTokenResponseBody.swift in Sources */,
				41C4C6AF2B82416500CCDECF /* WebViewPresenter.swift in Sources */,
				417EDBC92B6D120D00C43D96 /* ImagesListService.swift in Sources */,
				41DE19B02AD3187300C4E2FF /* AppDelegate.swift in Sources */,
				4152F93C2B74E4AC0016190E /* GradientAnimationHelper.swift in Sources */,
				41C5F3922B52C28C009ACAC0 /* AuthViewController.swift in Sources */,
				4162802C2B86711A00633097 /* AuthHelper.swift in Sources */,
				417EDBCF2B6D14A400C43D96 /* PhotoResult.swift in Sources */,
				41C5F38F2B51CA0C009ACAC0 /* AuthConfiguration.swift in Sources */,
				4165C8ED2B151D4900396EAD /* SingleImageViewController.swift in Sources */,
				41BE1A4B2B8D09DB00FC9CE1 /* ProfileHelper.swift in Sources */,
				418418FC2B667A1B00BB1348 /* NetworkClient.swift in Sources */,
				418418FA2B64CC4600BB1348 /* UserResult.swift in Sources */,
				41C5F3942B52CFE3009ACAC0 /* WebViewController.swift in Sources */,
				41BC82572B5865A400148BA0 /* OAuth2TokenStorage.swift in Sources */,
				417EDBCB2B6D129C00C43D96 /* Photo.swift in Sources */,
				41DE19B22AD3187300C4E2FF /* SceneDelegate.swift in Sources */,
				418418ED2B6183DD00BB1348 /* UIBlockingProgressHUD.swift in Sources */,
				418418F82B64CC1B00BB1348 /* ProfileImageService.swift in Sources */,
				41519F822B67D1DF00487EEA /* TabBarController.swift in Sources */,
				418418F42B61873000BB1348 /* ProfileResult.swift in Sources */,
				418418F02B61869900BB1348 /* ProfileService.swift in Sources */,
			);
			runOnlyForDeploymentPostprocessing = 0;
		};
/* End PBXSourcesBuildPhase section */

/* Begin PBXTargetDependency section */
		4110A0BC2B89285A00920777 /* PBXTargetDependency */ = {
			isa = PBXTargetDependency;
			target = 41DE19AB2AD3187300C4E2FF /* ImageFeed */;
			targetProxy = 4110A0BB2B89285A00920777 /* PBXContainerItemProxy */;
		};
/* End PBXTargetDependency section */

/* Begin PBXVariantGroup section */
		41DE19B52AD3187300C4E2FF /* Main.storyboard */ = {
			isa = PBXVariantGroup;
			children = (
				41DE19B62AD3187300C4E2FF /* Base */,
			);
			name = Main.storyboard;
			sourceTree = "<group>";
		};
		41DE19BA2AD3187400C4E2FF /* LaunchScreen.storyboard */ = {
			isa = PBXVariantGroup;
			children = (
				41DE19BB2AD3187400C4E2FF /* Base */,
			);
			name = LaunchScreen.storyboard;
			sourceTree = "<group>";
		};
/* End PBXVariantGroup section */

/* Begin XCBuildConfiguration section */
		4110A0BD2B89285A00920777 /* Debug */ = {
			isa = XCBuildConfiguration;
			buildSettings = {
				BUNDLE_LOADER = "$(TEST_HOST)";
				CODE_SIGN_STYLE = Automatic;
				CURRENT_PROJECT_VERSION = 1;
				DEVELOPMENT_TEAM = CQNTWDSGK9;
				ENABLE_USER_SCRIPT_SANDBOXING = YES;
				GENERATE_INFOPLIST_FILE = YES;
				IPHONEOS_DEPLOYMENT_TARGET = 17.2;
				MACOSX_DEPLOYMENT_TARGET = 14.2;
				MARKETING_VERSION = 1.0;
				PRODUCT_BUNDLE_IDENTIFIER = com.wonsarc.ImageFeedTests;
				PRODUCT_NAME = "$(TARGET_NAME)";
				SDKROOT = auto;
				SUPPORTED_PLATFORMS = "iphoneos iphonesimulator macosx";
				SWIFT_EMIT_LOC_STRINGS = NO;
				SWIFT_VERSION = 5.0;
				TARGETED_DEVICE_FAMILY = "1,2";
				TEST_HOST = "$(BUILT_PRODUCTS_DIR)/ImageFeed.app/$(BUNDLE_EXECUTABLE_FOLDER_PATH)/ImageFeed";
			};
			name = Debug;
		};
		4110A0BE2B89285A00920777 /* Release */ = {
			isa = XCBuildConfiguration;
			buildSettings = {
				BUNDLE_LOADER = "$(TEST_HOST)";
				CODE_SIGN_STYLE = Automatic;
				CURRENT_PROJECT_VERSION = 1;
				DEVELOPMENT_TEAM = CQNTWDSGK9;
				ENABLE_USER_SCRIPT_SANDBOXING = YES;
				GENERATE_INFOPLIST_FILE = YES;
				IPHONEOS_DEPLOYMENT_TARGET = 17.2;
				MACOSX_DEPLOYMENT_TARGET = 14.2;
				MARKETING_VERSION = 1.0;
				PRODUCT_BUNDLE_IDENTIFIER = com.wonsarc.ImageFeedTests;
				PRODUCT_NAME = "$(TARGET_NAME)";
				SDKROOT = auto;
				SUPPORTED_PLATFORMS = "iphoneos iphonesimulator macosx";
				SWIFT_EMIT_LOC_STRINGS = NO;
				SWIFT_VERSION = 5.0;
				TARGETED_DEVICE_FAMILY = "1,2";
				TEST_HOST = "$(BUILT_PRODUCTS_DIR)/ImageFeed.app/$(BUNDLE_EXECUTABLE_FOLDER_PATH)/ImageFeed";
			};
			name = Release;
		};
		41DE19BE2AD3187400C4E2FF /* Debug */ = {
			isa = XCBuildConfiguration;
			buildSettings = {
				ALWAYS_SEARCH_USER_PATHS = NO;
				ASSETCATALOG_COMPILER_GENERATE_SWIFT_ASSET_SYMBOL_EXTENSIONS = YES;
				CLANG_ANALYZER_NONNULL = YES;
				CLANG_ANALYZER_NUMBER_OBJECT_CONVERSION = YES_AGGRESSIVE;
				CLANG_CXX_LANGUAGE_STANDARD = "gnu++20";
				CLANG_ENABLE_MODULES = YES;
				CLANG_ENABLE_OBJC_ARC = YES;
				CLANG_ENABLE_OBJC_WEAK = YES;
				CLANG_WARN_BLOCK_CAPTURE_AUTORELEASING = YES;
				CLANG_WARN_BOOL_CONVERSION = YES;
				CLANG_WARN_COMMA = YES;
				CLANG_WARN_CONSTANT_CONVERSION = YES;
				CLANG_WARN_DEPRECATED_OBJC_IMPLEMENTATIONS = YES;
				CLANG_WARN_DIRECT_OBJC_ISA_USAGE = YES_ERROR;
				CLANG_WARN_DOCUMENTATION_COMMENTS = YES;
				CLANG_WARN_EMPTY_BODY = YES;
				CLANG_WARN_ENUM_CONVERSION = YES;
				CLANG_WARN_INFINITE_RECURSION = YES;
				CLANG_WARN_INT_CONVERSION = YES;
				CLANG_WARN_NON_LITERAL_NULL_CONVERSION = YES;
				CLANG_WARN_OBJC_IMPLICIT_RETAIN_SELF = YES;
				CLANG_WARN_OBJC_LITERAL_CONVERSION = YES;
				CLANG_WARN_OBJC_ROOT_CLASS = YES_ERROR;
				CLANG_WARN_QUOTED_INCLUDE_IN_FRAMEWORK_HEADER = YES;
				CLANG_WARN_RANGE_LOOP_ANALYSIS = YES;
				CLANG_WARN_STRICT_PROTOTYPES = YES;
				CLANG_WARN_SUSPICIOUS_MOVE = YES;
				CLANG_WARN_UNGUARDED_AVAILABILITY = YES_AGGRESSIVE;
				CLANG_WARN_UNREACHABLE_CODE = YES;
				CLANG_WARN__DUPLICATE_METHOD_MATCH = YES;
				COPY_PHASE_STRIP = NO;
				DEBUG_INFORMATION_FORMAT = dwarf;
				ENABLE_STRICT_OBJC_MSGSEND = YES;
				ENABLE_TESTABILITY = YES;
				ENABLE_USER_SCRIPT_SANDBOXING = NO;
				GCC_C_LANGUAGE_STANDARD = gnu17;
				GCC_DYNAMIC_NO_PIC = NO;
				GCC_NO_COMMON_BLOCKS = YES;
				GCC_OPTIMIZATION_LEVEL = 0;
				GCC_PREPROCESSOR_DEFINITIONS = (
					"DEBUG=1",
					"$(inherited)",
				);
				GCC_WARN_64_TO_32_BIT_CONVERSION = YES;
				GCC_WARN_ABOUT_RETURN_TYPE = YES_ERROR;
				GCC_WARN_UNDECLARED_SELECTOR = YES;
				GCC_WARN_UNINITIALIZED_AUTOS = YES_AGGRESSIVE;
				GCC_WARN_UNUSED_FUNCTION = YES;
				GCC_WARN_UNUSED_VARIABLE = YES;
				IPHONEOS_DEPLOYMENT_TARGET = 13.0;
				LOCALIZATION_PREFERS_STRING_CATALOGS = YES;
				MTL_ENABLE_DEBUG_INFO = INCLUDE_SOURCE;
				MTL_FAST_MATH = YES;
				ONLY_ACTIVE_ARCH = YES;
				SDKROOT = iphoneos;
				SWIFT_ACTIVE_COMPILATION_CONDITIONS = "DEBUG $(inherited)";
				SWIFT_OPTIMIZATION_LEVEL = "-Onone";
			};
			name = Debug;
		};
		41DE19BF2AD3187400C4E2FF /* Release */ = {
			isa = XCBuildConfiguration;
			buildSettings = {
				ALWAYS_SEARCH_USER_PATHS = NO;
				ASSETCATALOG_COMPILER_GENERATE_SWIFT_ASSET_SYMBOL_EXTENSIONS = YES;
				CLANG_ANALYZER_NONNULL = YES;
				CLANG_ANALYZER_NUMBER_OBJECT_CONVERSION = YES_AGGRESSIVE;
				CLANG_CXX_LANGUAGE_STANDARD = "gnu++20";
				CLANG_ENABLE_MODULES = YES;
				CLANG_ENABLE_OBJC_ARC = YES;
				CLANG_ENABLE_OBJC_WEAK = YES;
				CLANG_WARN_BLOCK_CAPTURE_AUTORELEASING = YES;
				CLANG_WARN_BOOL_CONVERSION = YES;
				CLANG_WARN_COMMA = YES;
				CLANG_WARN_CONSTANT_CONVERSION = YES;
				CLANG_WARN_DEPRECATED_OBJC_IMPLEMENTATIONS = YES;
				CLANG_WARN_DIRECT_OBJC_ISA_USAGE = YES_ERROR;
				CLANG_WARN_DOCUMENTATION_COMMENTS = YES;
				CLANG_WARN_EMPTY_BODY = YES;
				CLANG_WARN_ENUM_CONVERSION = YES;
				CLANG_WARN_INFINITE_RECURSION = YES;
				CLANG_WARN_INT_CONVERSION = YES;
				CLANG_WARN_NON_LITERAL_NULL_CONVERSION = YES;
				CLANG_WARN_OBJC_IMPLICIT_RETAIN_SELF = YES;
				CLANG_WARN_OBJC_LITERAL_CONVERSION = YES;
				CLANG_WARN_OBJC_ROOT_CLASS = YES_ERROR;
				CLANG_WARN_QUOTED_INCLUDE_IN_FRAMEWORK_HEADER = YES;
				CLANG_WARN_RANGE_LOOP_ANALYSIS = YES;
				CLANG_WARN_STRICT_PROTOTYPES = YES;
				CLANG_WARN_SUSPICIOUS_MOVE = YES;
				CLANG_WARN_UNGUARDED_AVAILABILITY = YES_AGGRESSIVE;
				CLANG_WARN_UNREACHABLE_CODE = YES;
				CLANG_WARN__DUPLICATE_METHOD_MATCH = YES;
				COPY_PHASE_STRIP = NO;
				DEBUG_INFORMATION_FORMAT = "dwarf-with-dsym";
				ENABLE_NS_ASSERTIONS = NO;
				ENABLE_STRICT_OBJC_MSGSEND = YES;
				ENABLE_USER_SCRIPT_SANDBOXING = NO;
				GCC_C_LANGUAGE_STANDARD = gnu17;
				GCC_NO_COMMON_BLOCKS = YES;
				GCC_WARN_64_TO_32_BIT_CONVERSION = YES;
				GCC_WARN_ABOUT_RETURN_TYPE = YES_ERROR;
				GCC_WARN_UNDECLARED_SELECTOR = YES;
				GCC_WARN_UNINITIALIZED_AUTOS = YES_AGGRESSIVE;
				GCC_WARN_UNUSED_FUNCTION = YES;
				GCC_WARN_UNUSED_VARIABLE = YES;
				IPHONEOS_DEPLOYMENT_TARGET = 13.0;
				LOCALIZATION_PREFERS_STRING_CATALOGS = YES;
				MTL_ENABLE_DEBUG_INFO = NO;
				MTL_FAST_MATH = YES;
				SDKROOT = iphoneos;
				SWIFT_COMPILATION_MODE = wholemodule;
				VALIDATE_PRODUCT = YES;
			};
			name = Release;
		};
		41DE19C12AD3187400C4E2FF /* Debug */ = {
			isa = XCBuildConfiguration;
			buildSettings = {
				ASSETCATALOG_COMPILER_APPICON_NAME = AppIcon;
				ASSETCATALOG_COMPILER_GLOBAL_ACCENT_COLOR_NAME = AccentColor;
				CODE_SIGN_STYLE = Automatic;
				CURRENT_PROJECT_VERSION = 1;
				DEVELOPMENT_TEAM = CQNTWDSGK9;
				GENERATE_INFOPLIST_FILE = YES;
				INFOPLIST_FILE = ImageFeed/Info.plist;
				INFOPLIST_KEY_UIApplicationSupportsIndirectInputEvents = YES;
				INFOPLIST_KEY_UILaunchStoryboardName = LaunchScreen;
				INFOPLIST_KEY_UIMainStoryboardFile = Main;
				INFOPLIST_KEY_UISupportedInterfaceOrientations = UIInterfaceOrientationPortrait;
				INFOPLIST_KEY_UISupportedInterfaceOrientations_iPad = "UIInterfaceOrientationLandscapeLeft UIInterfaceOrientationLandscapeRight UIInterfaceOrientationPortrait UIInterfaceOrientationPortraitUpsideDown";
				IPHONEOS_DEPLOYMENT_TARGET = 13.0;
				LD_RUNPATH_SEARCH_PATHS = (
					"$(inherited)",
					"@executable_path/Frameworks",
				);
				MARKETING_VERSION = 1.0;
				PRODUCT_BUNDLE_IDENTIFIER = com.wonsarc.ImageFeed;
				PRODUCT_NAME = "$(TARGET_NAME)";
				SUPPORTED_PLATFORMS = "iphoneos iphonesimulator";
				SUPPORTS_MACCATALYST = NO;
				SUPPORTS_MAC_DESIGNED_FOR_IPHONE_IPAD = NO;
				SWIFT_EMIT_LOC_STRINGS = YES;
				SWIFT_VERSION = 5.0;
				TARGETED_DEVICE_FAMILY = 1;
			};
			name = Debug;
		};
		41DE19C22AD3187400C4E2FF /* Release */ = {
			isa = XCBuildConfiguration;
			buildSettings = {
				ASSETCATALOG_COMPILER_APPICON_NAME = AppIcon;
				ASSETCATALOG_COMPILER_GLOBAL_ACCENT_COLOR_NAME = AccentColor;
				CODE_SIGN_STYLE = Automatic;
				CURRENT_PROJECT_VERSION = 1;
				DEVELOPMENT_TEAM = CQNTWDSGK9;
				GENERATE_INFOPLIST_FILE = YES;
				INFOPLIST_FILE = ImageFeed/Info.plist;
				INFOPLIST_KEY_UIApplicationSupportsIndirectInputEvents = YES;
				INFOPLIST_KEY_UILaunchStoryboardName = LaunchScreen;
				INFOPLIST_KEY_UIMainStoryboardFile = Main;
				INFOPLIST_KEY_UISupportedInterfaceOrientations = UIInterfaceOrientationPortrait;
				INFOPLIST_KEY_UISupportedInterfaceOrientations_iPad = "UIInterfaceOrientationLandscapeLeft UIInterfaceOrientationLandscapeRight UIInterfaceOrientationPortrait UIInterfaceOrientationPortraitUpsideDown";
				IPHONEOS_DEPLOYMENT_TARGET = 13.0;
				LD_RUNPATH_SEARCH_PATHS = (
					"$(inherited)",
					"@executable_path/Frameworks",
				);
				MARKETING_VERSION = 1.0;
				PRODUCT_BUNDLE_IDENTIFIER = com.wonsarc.ImageFeed;
				PRODUCT_NAME = "$(TARGET_NAME)";
				SUPPORTED_PLATFORMS = "iphoneos iphonesimulator";
				SUPPORTS_MACCATALYST = NO;
				SUPPORTS_MAC_DESIGNED_FOR_IPHONE_IPAD = NO;
				SWIFT_EMIT_LOC_STRINGS = YES;
				SWIFT_VERSION = 5.0;
				TARGETED_DEVICE_FAMILY = 1;
			};
			name = Release;
		};
/* End XCBuildConfiguration section */

/* Begin XCConfigurationList section */
		4110A0BF2B89285A00920777 /* Build configuration list for PBXNativeTarget "ImageFeedTests" */ = {
			isa = XCConfigurationList;
			buildConfigurations = (
				4110A0BD2B89285A00920777 /* Debug */,
				4110A0BE2B89285A00920777 /* Release */,
			);
			defaultConfigurationIsVisible = 0;
			defaultConfigurationName = Release;
		};
		41DE19A72AD3187300C4E2FF /* Build configuration list for PBXProject "ImageFeed" */ = {
			isa = XCConfigurationList;
			buildConfigurations = (
				41DE19BE2AD3187400C4E2FF /* Debug */,
				41DE19BF2AD3187400C4E2FF /* Release */,
			);
			defaultConfigurationIsVisible = 0;
			defaultConfigurationName = Release;
		};
		41DE19C02AD3187400C4E2FF /* Build configuration list for PBXNativeTarget "ImageFeed" */ = {
			isa = XCConfigurationList;
			buildConfigurations = (
				41DE19C12AD3187400C4E2FF /* Debug */,
				41DE19C22AD3187400C4E2FF /* Release */,
			);
			defaultConfigurationIsVisible = 0;
			defaultConfigurationName = Release;
		};
/* End XCConfigurationList section */

/* Begin XCRemoteSwiftPackageReference section */
		41519F7E2B67CC3500487EEA /* XCRemoteSwiftPackageReference "SwiftKeychainWrapper" */ = {
			isa = XCRemoteSwiftPackageReference;
			repositoryURL = "https://github.com/jrendel/SwiftKeychainWrapper";
			requirement = {
				kind = exactVersion;
				version = 4.0.1;
			};
		};
		418418E92B60564800BB1348 /* XCRemoteSwiftPackageReference "ProgressHUD" */ = {
			isa = XCRemoteSwiftPackageReference;
			repositoryURL = "https://github.com/relatedcode/ProgressHUD";
			requirement = {
				kind = exactVersion;
				version = 14.1.1;
			};
		};
		41A6A3022B66C43300E6944D /* XCRemoteSwiftPackageReference "Kingfisher" */ = {
			isa = XCRemoteSwiftPackageReference;
			repositoryURL = "https://github.com/onevcat/Kingfisher";
			requirement = {
				kind = exactVersion;
				version = 7.10.2;
			};
		};
/* End XCRemoteSwiftPackageReference section */

/* Begin XCSwiftPackageProductDependency section */
		41519F7F2B67CC3500487EEA /* SwiftKeychainWrapper */ = {
			isa = XCSwiftPackageProductDependency;
			package = 41519F7E2B67CC3500487EEA /* XCRemoteSwiftPackageReference "SwiftKeychainWrapper" */;
			productName = SwiftKeychainWrapper;
		};
		418418EA2B60564800BB1348 /* ProgressHUD */ = {
			isa = XCSwiftPackageProductDependency;
			package = 418418E92B60564800BB1348 /* XCRemoteSwiftPackageReference "ProgressHUD" */;
			productName = ProgressHUD;
		};
		41A6A3032B66C43300E6944D /* Kingfisher */ = {
			isa = XCSwiftPackageProductDependency;
			package = 41A6A3022B66C43300E6944D /* XCRemoteSwiftPackageReference "Kingfisher" */;
			productName = Kingfisher;
		};
/* End XCSwiftPackageProductDependency section */
	};
	rootObject = 41DE19A42AD3187300C4E2FF /* Project object */;
}
